
Microsoft Visual Studio Solution File, Format Version 12.00
# Visual Studio Version 17
VisualStudioVersion = 17.12.35707.178
MinimumVisualStudioVersion = 10.0.40219.1
Project("{FAE04EC0-301F-11D3-BF4B-00C04F79EFBC}") = "WebFileManagement.Server", "WebFileManagement.Server\WebFileManagement.Server.csproj", "{4E0A3A6E-2250-4BA9-9141-2CD7A868F694}"
EndProject
Project("{FAE04EC0-301F-11D3-BF4B-00C04F79EFBC}") = "WebFileManagement.Service", "WebFileManagement.Service\WebFileManagement.Service.csproj", "{1814E9CF-28C8-48AF-AF1B-5C9C57738A12}"
EndProject
Project("{FAE04EC0-301F-11D3-BF4B-00C04F79EFBC}") = "WebFileManagement.StorageBroker", "WebFileManagement.StorageBroker\WebFileManagement.StorageBroker.csproj", "{9B94DDED-9E5A-40A1-9EB6-7ABD6F873C52}"
EndProject
Global
	GlobalSection(SolutionConfigurationPlatforms) = preSolution
		Debug|Any CPU = Debug|Any CPU
		Release|Any CPU = Release|Any CPU
	EndGlobalSection
	GlobalSection(ProjectConfigurationPlatforms) = postSolution
		{4E0A3A6E-2250-4BA9-9141-2CD7A868F694}.Debug|Any CPU.ActiveCfg = Debug|Any CPU
		{4E0A3A6E-2250-4BA9-9141-2CD7A868F694}.Debug|Any CPU.Build.0 = Debug|Any CPU
		{4E0A3A6E-2250-4BA9-9141-2CD7A868F694}.Release|Any CPU.ActiveCfg = Release|Any CPU
		{4E0A3A6E-2250-4BA9-9141-2CD7A868F694}.Release|Any CPU.Build.0 = Release|Any CPU
		{1814E9CF-28C8-48AF-AF1B-5C9C57738A12}.Debug|Any CPU.ActiveCfg = Debug|Any CPU
		{1814E9CF-28C8-48AF-AF1B-5C9C57738A12}.Debug|Any CPU.Build.0 = Debug|Any CPU
		{1814E9CF-28C8-48AF-AF1B-5C9C57738A12}.Release|Any CPU.ActiveCfg = Release|Any CPU
		{1814E9CF-28C8-48AF-AF1B-5C9C57738A12}.Release|Any CPU.Build.0 = Release|Any CPU
		{9B94DDED-9E5A-40A1-9EB6-7ABD6F873C52}.Debug|Any CPU.ActiveCfg = Debug|Any CPU
		{9B94DDED-9E5A-40A1-9EB6-7ABD6F873C52}.Debug|Any CPU.Build.0 = Debug|Any CPU
		{9B94DDED-9E5A-40A1-9EB6-7ABD6F873C52}.Release|Any CPU.ActiveCfg = Release|Any CPU
		{9B94DDED-9E5A-40A1-9EB6-7ABD6F873C52}.Release|Any CPU.Build.0 = Release|Any CPU
	EndGlobalSection
	GlobalSection(SolutionProperties) = preSolution
		HideSolutionNode = FALSE
	EndGlobalSection
EndGlobal
